
Microsoft Visual Studio Solution File, Format Version 12.00
# Visual Studio Version 16
VisualStudioVersion = 16.0.31402.337
MinimumVisualStudioVersion = 10.0.40219.1
Project("{FAE04EC0-301F-11D3-BF4B-00C04F79EFBC}") = "AA26", "AA26\AA26.csproj", "{9A3C3B06-19CF-49AF-9CD5-7682E24B25D8}"
EndProject
Global
	GlobalSection(SolutionConfigurationPlatforms) = preSolution
		Debug|Any CPU = Debug|Any CPU
		Release|Any CPU = Release|Any CPU
	EndGlobalSection
	GlobalSection(ProjectConfigurationPlatforms) = postSolution
		{9A3C3B06-19CF-49AF-9CD5-7682E24B25D8}.Debug|Any CPU.ActiveCfg = Debug|Any CPU
		{9A3C3B06-19CF-49AF-9CD5-7682E24B25D8}.Debug|Any CPU.Build.0 = Debug|Any CPU
		{9A3C3B06-19CF-49AF-9CD5-7682E24B25D8}.Release|Any CPU.ActiveCfg = Release|Any CPU
		{9A3C3B06-19CF-49AF-9CD5-7682E24B25D8}.Release|Any CPU.Build.0 = Release|Any CPU
	EndGlobalSection
	GlobalSection(SolutionProperties) = preSolution
		HideSolutionNode = FALSE
	EndGlobalSection
	GlobalSection(ExtensibilityGlobals) = postSolution
		SolutionGuid = {4851BD61-D12D-41A9-9C7E-931487215E94}
	EndGlobalSection
EndGlobal
