
Microsoft Visual Studio Solution File, Format Version 12.00
# Visual Studio Version 16
VisualStudioVersion = 16.0.31402.337
MinimumVisualStudioVersion = 10.0.40219.1
Project("{9A19103F-16F7-4668-BE54-9A1E7A4F7556}") = "Blogger", "Blogger\Blogger.csproj", "{A5C56DAF-A4B3-4510-8BB7-D0128E934829}"
EndProject
Global
	GlobalSection(SolutionConfigurationPlatforms) = preSolution
		Debug|Any CPU = Debug|Any CPU
		Release|Any CPU = Release|Any CPU
	EndGlobalSection
	GlobalSection(ProjectConfigurationPlatforms) = postSolution
		{A5C56DAF-A4B3-4510-8BB7-D0128E934829}.Debug|Any CPU.ActiveCfg = Debug|Any CPU
		{A5C56DAF-A4B3-4510-8BB7-D0128E934829}.Debug|Any CPU.Build.0 = Debug|Any CPU
		{A5C56DAF-A4B3-4510-8BB7-D0128E934829}.Release|Any CPU.ActiveCfg = Release|Any CPU
		{A5C56DAF-A4B3-4510-8BB7-D0128E934829}.Release|Any CPU.Build.0 = Release|Any CPU
	EndGlobalSection
	GlobalSection(SolutionProperties) = preSolution
		HideSolutionNode = FALSE
	EndGlobalSection
	GlobalSection(ExtensibilityGlobals) = postSolution
		SolutionGuid = {386BAE51-882F-47C9-ABF0-521A75B02747}
	EndGlobalSection
EndGlobal
