
Microsoft Visual Studio Solution File, Format Version 12.00
# Visual Studio Version 16
VisualStudioVersion = 16.0.31402.337
MinimumVisualStudioVersion = 10.0.40219.1
Project("{FAE04EC0-301F-11D3-BF4B-00C04F79EFBC}") = "AA11", "AA11\AA11.csproj", "{C68F58F2-DC02-4B2F-90BF-4F6D05D9BB4C}"
EndProject
Global
	GlobalSection(SolutionConfigurationPlatforms) = preSolution
		Debug|Any CPU = Debug|Any CPU
		Release|Any CPU = Release|Any CPU
	EndGlobalSection
	GlobalSection(ProjectConfigurationPlatforms) = postSolution
		{C68F58F2-DC02-4B2F-90BF-4F6D05D9BB4C}.Debug|Any CPU.ActiveCfg = Debug|Any CPU
		{C68F58F2-DC02-4B2F-90BF-4F6D05D9BB4C}.Debug|Any CPU.Build.0 = Debug|Any CPU
		{C68F58F2-DC02-4B2F-90BF-4F6D05D9BB4C}.Release|Any CPU.ActiveCfg = Release|Any CPU
		{C68F58F2-DC02-4B2F-90BF-4F6D05D9BB4C}.Release|Any CPU.Build.0 = Release|Any CPU
	EndGlobalSection
	GlobalSection(SolutionProperties) = preSolution
		HideSolutionNode = FALSE
	EndGlobalSection
	GlobalSection(ExtensibilityGlobals) = postSolution
		SolutionGuid = {3AE5B867-A127-41DD-BC00-EDE662B47D6F}
	EndGlobalSection
EndGlobal
