
Microsoft Visual Studio Solution File, Format Version 12.00
# Visual Studio Version 16
VisualStudioVersion = 16.0.31402.337
MinimumVisualStudioVersion = 10.0.40219.1
Project("{FAE04EC0-301F-11D3-BF4B-00C04F79EFBC}") = "AC06", "AC06\AC06.csproj", "{D7BD9CE6-F153-437D-A4B0-68A11CD920A0}"
EndProject
Global
	GlobalSection(SolutionConfigurationPlatforms) = preSolution
		Debug|Any CPU = Debug|Any CPU
		Release|Any CPU = Release|Any CPU
	EndGlobalSection
	GlobalSection(ProjectConfigurationPlatforms) = postSolution
		{D7BD9CE6-F153-437D-A4B0-68A11CD920A0}.Debug|Any CPU.ActiveCfg = Debug|Any CPU
		{D7BD9CE6-F153-437D-A4B0-68A11CD920A0}.Debug|Any CPU.Build.0 = Debug|Any CPU
		{D7BD9CE6-F153-437D-A4B0-68A11CD920A0}.Release|Any CPU.ActiveCfg = Release|Any CPU
		{D7BD9CE6-F153-437D-A4B0-68A11CD920A0}.Release|Any CPU.Build.0 = Release|Any CPU
	EndGlobalSection
	GlobalSection(SolutionProperties) = preSolution
		HideSolutionNode = FALSE
	EndGlobalSection
	GlobalSection(ExtensibilityGlobals) = postSolution
		SolutionGuid = {9616DD17-B34D-4359-8680-35604C07E2A7}
	EndGlobalSection
EndGlobal
