
Microsoft Visual Studio Solution File, Format Version 12.00
# Visual Studio Version 16
VisualStudioVersion = 16.0.31402.337
MinimumVisualStudioVersion = 10.0.40219.1
Project("{FAE04EC0-301F-11D3-BF4B-00C04F79EFBC}") = "FirstServer", "FirstServer\FirstServer.csproj", "{B5C79E75-7029-4A2D-92E8-D488FE32358A}"
EndProject
Project("{FAE04EC0-301F-11D3-BF4B-00C04F79EFBC}") = "FirstWasm", "FirstWasm\FirstWasm.csproj", "{1AB5179D-814C-4484-BEF0-AD4E8FD3A428}"
EndProject
Project("{FAE04EC0-301F-11D3-BF4B-00C04F79EFBC}") = "FirstWasmByAspNetCore.Server", "FirstWasmByAspNetCore\Server\FirstWasmByAspNetCore.Server.csproj", "{AE01D91C-3308-4D5B-959A-E2E6E8F3FB39}"
EndProject
Project("{FAE04EC0-301F-11D3-BF4B-00C04F79EFBC}") = "FirstWasmByAspNetCore.Client", "FirstWasmByAspNetCore\Client\FirstWasmByAspNetCore.Client.csproj", "{067D5E4B-F244-4A7D-9955-B2B29FE95AF0}"
EndProject
Project("{FAE04EC0-301F-11D3-BF4B-00C04F79EFBC}") = "FirstWasmByAspNetCore.Shared", "FirstWasmByAspNetCore\Shared\FirstWasmByAspNetCore.Shared.csproj", "{508F7B5B-638F-4F77-BAF3-4EE63A340B5C}"
EndProject
Global
	GlobalSection(SolutionConfigurationPlatforms) = preSolution
		Debug|Any CPU = Debug|Any CPU
		Release|Any CPU = Release|Any CPU
	EndGlobalSection
	GlobalSection(ProjectConfigurationPlatforms) = postSolution
		{B5C79E75-7029-4A2D-92E8-D488FE32358A}.Debug|Any CPU.ActiveCfg = Debug|Any CPU
		{B5C79E75-7029-4A2D-92E8-D488FE32358A}.Debug|Any CPU.Build.0 = Debug|Any CPU
		{B5C79E75-7029-4A2D-92E8-D488FE32358A}.Release|Any CPU.ActiveCfg = Release|Any CPU
		{B5C79E75-7029-4A2D-92E8-D488FE32358A}.Release|Any CPU.Build.0 = Release|Any CPU
		{1AB5179D-814C-4484-BEF0-AD4E8FD3A428}.Debug|Any CPU.ActiveCfg = Debug|Any CPU
		{1AB5179D-814C-4484-BEF0-AD4E8FD3A428}.Debug|Any CPU.Build.0 = Debug|Any CPU
		{1AB5179D-814C-4484-BEF0-AD4E8FD3A428}.Release|Any CPU.ActiveCfg = Release|Any CPU
		{1AB5179D-814C-4484-BEF0-AD4E8FD3A428}.Release|Any CPU.Build.0 = Release|Any CPU
		{AE01D91C-3308-4D5B-959A-E2E6E8F3FB39}.Debug|Any CPU.ActiveCfg = Debug|Any CPU
		{AE01D91C-3308-4D5B-959A-E2E6E8F3FB39}.Debug|Any CPU.Build.0 = Debug|Any CPU
		{AE01D91C-3308-4D5B-959A-E2E6E8F3FB39}.Release|Any CPU.ActiveCfg = Release|Any CPU
		{AE01D91C-3308-4D5B-959A-E2E6E8F3FB39}.Release|Any CPU.Build.0 = Release|Any CPU
		{067D5E4B-F244-4A7D-9955-B2B29FE95AF0}.Debug|Any CPU.ActiveCfg = Debug|Any CPU
		{067D5E4B-F244-4A7D-9955-B2B29FE95AF0}.Debug|Any CPU.Build.0 = Debug|Any CPU
		{067D5E4B-F244-4A7D-9955-B2B29FE95AF0}.Release|Any CPU.ActiveCfg = Release|Any CPU
		{067D5E4B-F244-4A7D-9955-B2B29FE95AF0}.Release|Any CPU.Build.0 = Release|Any CPU
		{508F7B5B-638F-4F77-BAF3-4EE63A340B5C}.Debug|Any CPU.ActiveCfg = Debug|Any CPU
		{508F7B5B-638F-4F77-BAF3-4EE63A340B5C}.Debug|Any CPU.Build.0 = Debug|Any CPU
		{508F7B5B-638F-4F77-BAF3-4EE63A340B5C}.Release|Any CPU.ActiveCfg = Release|Any CPU
		{508F7B5B-638F-4F77-BAF3-4EE63A340B5C}.Release|Any CPU.Build.0 = Release|Any CPU
	EndGlobalSection
	GlobalSection(SolutionProperties) = preSolution
		HideSolutionNode = FALSE
	EndGlobalSection
	GlobalSection(ExtensibilityGlobals) = postSolution
		SolutionGuid = {83BCC64C-9EB7-4B1F-9E95-726350E1205F}
	EndGlobalSection
EndGlobal
