
Microsoft Visual Studio Solution File, Format Version 12.00
# Visual Studio Version 16
VisualStudioVersion = 16.0.31321.278
MinimumVisualStudioVersion = 10.0.40219.1
Project("{FAE04EC0-301F-11D3-BF4B-00C04F79EFBC}") = "BS01", "BS01\BS01.csproj", "{C2544453-40DA-4671-9502-622CDBE2F576}"
EndProject
Global
	GlobalSection(SolutionConfigurationPlatforms) = preSolution
		Debug|Any CPU = Debug|Any CPU
		Release|Any CPU = Release|Any CPU
	EndGlobalSection
	GlobalSection(ProjectConfigurationPlatforms) = postSolution
		{C2544453-40DA-4671-9502-622CDBE2F576}.Debug|Any CPU.ActiveCfg = Debug|Any CPU
		{C2544453-40DA-4671-9502-622CDBE2F576}.Debug|Any CPU.Build.0 = Debug|Any CPU
		{C2544453-40DA-4671-9502-622CDBE2F576}.Release|Any CPU.ActiveCfg = Release|Any CPU
		{C2544453-40DA-4671-9502-622CDBE2F576}.Release|Any CPU.Build.0 = Release|Any CPU
	EndGlobalSection
	GlobalSection(SolutionProperties) = preSolution
		HideSolutionNode = FALSE
	EndGlobalSection
	GlobalSection(ExtensibilityGlobals) = postSolution
		SolutionGuid = {FE1B4B06-0ADC-4543-983C-222FC0F157BA}
	EndGlobalSection
EndGlobal
