
Microsoft Visual Studio Solution File, Format Version 12.00
# Visual Studio Version 16
VisualStudioVersion = 16.0.31402.337
MinimumVisualStudioVersion = 10.0.40219.1
Project("{FAE04EC0-301F-11D3-BF4B-00C04F79EFBC}") = "AA04", "AA04\AA04.csproj", "{2CC3D8C6-23FC-4906-A5F0-C163D2F57557}"
EndProject
Global
	GlobalSection(SolutionConfigurationPlatforms) = preSolution
		Debug|Any CPU = Debug|Any CPU
		Release|Any CPU = Release|Any CPU
	EndGlobalSection
	GlobalSection(ProjectConfigurationPlatforms) = postSolution
		{2CC3D8C6-23FC-4906-A5F0-C163D2F57557}.Debug|Any CPU.ActiveCfg = Debug|Any CPU
		{2CC3D8C6-23FC-4906-A5F0-C163D2F57557}.Debug|Any CPU.Build.0 = Debug|Any CPU
		{2CC3D8C6-23FC-4906-A5F0-C163D2F57557}.Release|Any CPU.ActiveCfg = Release|Any CPU
		{2CC3D8C6-23FC-4906-A5F0-C163D2F57557}.Release|Any CPU.Build.0 = Release|Any CPU
	EndGlobalSection
	GlobalSection(SolutionProperties) = preSolution
		HideSolutionNode = FALSE
	EndGlobalSection
	GlobalSection(ExtensibilityGlobals) = postSolution
		SolutionGuid = {5F2210F8-B31B-47B5-B0FF-EA2C3F462DBC}
	EndGlobalSection
EndGlobal
