
Microsoft Visual Studio Solution File, Format Version 12.00
# Visual Studio Version 16
VisualStudioVersion = 16.0.31402.337
MinimumVisualStudioVersion = 10.0.40219.1
Project("{FAE04EC0-301F-11D3-BF4B-00C04F79EFBC}") = "BS05", "BS05\BS05.csproj", "{C2E717B8-B3D5-4A63-B608-6C790812A1F5}"
EndProject
Global
	GlobalSection(SolutionConfigurationPlatforms) = preSolution
		Debug|Any CPU = Debug|Any CPU
		Release|Any CPU = Release|Any CPU
	EndGlobalSection
	GlobalSection(ProjectConfigurationPlatforms) = postSolution
		{C2E717B8-B3D5-4A63-B608-6C790812A1F5}.Debug|Any CPU.ActiveCfg = Debug|Any CPU
		{C2E717B8-B3D5-4A63-B608-6C790812A1F5}.Debug|Any CPU.Build.0 = Debug|Any CPU
		{C2E717B8-B3D5-4A63-B608-6C790812A1F5}.Release|Any CPU.ActiveCfg = Release|Any CPU
		{C2E717B8-B3D5-4A63-B608-6C790812A1F5}.Release|Any CPU.Build.0 = Release|Any CPU
	EndGlobalSection
	GlobalSection(SolutionProperties) = preSolution
		HideSolutionNode = FALSE
	EndGlobalSection
	GlobalSection(ExtensibilityGlobals) = postSolution
		SolutionGuid = {3A033224-558C-44D7-9D3B-90F9B2135C97}
	EndGlobalSection
EndGlobal
