
Microsoft Visual Studio Solution File, Format Version 12.00
# Visual Studio Version 16
VisualStudioVersion = 16.0.31402.337
MinimumVisualStudioVersion = 10.0.40219.1
Project("{FAE04EC0-301F-11D3-BF4B-00C04F79EFBC}") = "AA25", "AA25\AA25.csproj", "{A21A8BBD-7B8F-4EC0-8391-BD8D71FC27C0}"
EndProject
Global
	GlobalSection(SolutionConfigurationPlatforms) = preSolution
		Debug|Any CPU = Debug|Any CPU
		Release|Any CPU = Release|Any CPU
	EndGlobalSection
	GlobalSection(ProjectConfigurationPlatforms) = postSolution
		{A21A8BBD-7B8F-4EC0-8391-BD8D71FC27C0}.Debug|Any CPU.ActiveCfg = Debug|Any CPU
		{A21A8BBD-7B8F-4EC0-8391-BD8D71FC27C0}.Debug|Any CPU.Build.0 = Debug|Any CPU
		{A21A8BBD-7B8F-4EC0-8391-BD8D71FC27C0}.Release|Any CPU.ActiveCfg = Release|Any CPU
		{A21A8BBD-7B8F-4EC0-8391-BD8D71FC27C0}.Release|Any CPU.Build.0 = Release|Any CPU
	EndGlobalSection
	GlobalSection(SolutionProperties) = preSolution
		HideSolutionNode = FALSE
	EndGlobalSection
	GlobalSection(ExtensibilityGlobals) = postSolution
		SolutionGuid = {56C6175F-8833-4825-99D2-CF17DD73186E}
	EndGlobalSection
EndGlobal
