
Microsoft Visual Studio Solution File, Format Version 12.00
# Visual Studio Version 16
VisualStudioVersion = 16.0.31402.337
MinimumVisualStudioVersion = 10.0.40219.1
Project("{FAE04EC0-301F-11D3-BF4B-00C04F79EFBC}") = "AC99", "AC99\AC99.csproj", "{D0059E0E-72E0-448A-9C1B-BCD64E2DFE6D}"
EndProject
Global
	GlobalSection(SolutionConfigurationPlatforms) = preSolution
		Debug|Any CPU = Debug|Any CPU
		Release|Any CPU = Release|Any CPU
	EndGlobalSection
	GlobalSection(ProjectConfigurationPlatforms) = postSolution
		{D0059E0E-72E0-448A-9C1B-BCD64E2DFE6D}.Debug|Any CPU.ActiveCfg = Debug|Any CPU
		{D0059E0E-72E0-448A-9C1B-BCD64E2DFE6D}.Debug|Any CPU.Build.0 = Debug|Any CPU
		{D0059E0E-72E0-448A-9C1B-BCD64E2DFE6D}.Release|Any CPU.ActiveCfg = Release|Any CPU
		{D0059E0E-72E0-448A-9C1B-BCD64E2DFE6D}.Release|Any CPU.Build.0 = Release|Any CPU
	EndGlobalSection
	GlobalSection(SolutionProperties) = preSolution
		HideSolutionNode = FALSE
	EndGlobalSection
	GlobalSection(ExtensibilityGlobals) = postSolution
		SolutionGuid = {F14F23E5-E7AC-421D-A0AD-678FDFC85F44}
	EndGlobalSection
EndGlobal
