
Microsoft Visual Studio Solution File, Format Version 12.00
# Visual Studio Version 16
VisualStudioVersion = 16.0.31402.337
MinimumVisualStudioVersion = 10.0.40219.1
Project("{FAE04EC0-301F-11D3-BF4B-00C04F79EFBC}") = "BS08", "BS08\BS08.csproj", "{363E62E5-C9D1-41F4-9F49-731B5D68EB04}"
EndProject
Global
	GlobalSection(SolutionConfigurationPlatforms) = preSolution
		Debug|Any CPU = Debug|Any CPU
		Release|Any CPU = Release|Any CPU
	EndGlobalSection
	GlobalSection(ProjectConfigurationPlatforms) = postSolution
		{363E62E5-C9D1-41F4-9F49-731B5D68EB04}.Debug|Any CPU.ActiveCfg = Debug|Any CPU
		{363E62E5-C9D1-41F4-9F49-731B5D68EB04}.Debug|Any CPU.Build.0 = Debug|Any CPU
		{363E62E5-C9D1-41F4-9F49-731B5D68EB04}.Release|Any CPU.ActiveCfg = Release|Any CPU
		{363E62E5-C9D1-41F4-9F49-731B5D68EB04}.Release|Any CPU.Build.0 = Release|Any CPU
	EndGlobalSection
	GlobalSection(SolutionProperties) = preSolution
		HideSolutionNode = FALSE
	EndGlobalSection
	GlobalSection(ExtensibilityGlobals) = postSolution
		SolutionGuid = {F4ACA66A-5742-400B-A5B3-ADCA1ABCB22C}
	EndGlobalSection
EndGlobal
