
Microsoft Visual Studio Solution File, Format Version 12.00
# Visual Studio Version 16
VisualStudioVersion = 16.0.31402.337
MinimumVisualStudioVersion = 10.0.40219.1
Project("{FAE04EC0-301F-11D3-BF4B-00C04F79EFBC}") = "AA21", "AA21\AA21.csproj", "{FD2311A5-FACC-496D-8F6E-2938FE5155FC}"
EndProject
Global
	GlobalSection(SolutionConfigurationPlatforms) = preSolution
		Debug|Any CPU = Debug|Any CPU
		Release|Any CPU = Release|Any CPU
	EndGlobalSection
	GlobalSection(ProjectConfigurationPlatforms) = postSolution
		{FD2311A5-FACC-496D-8F6E-2938FE5155FC}.Debug|Any CPU.ActiveCfg = Debug|Any CPU
		{FD2311A5-FACC-496D-8F6E-2938FE5155FC}.Debug|Any CPU.Build.0 = Debug|Any CPU
		{FD2311A5-FACC-496D-8F6E-2938FE5155FC}.Release|Any CPU.ActiveCfg = Release|Any CPU
		{FD2311A5-FACC-496D-8F6E-2938FE5155FC}.Release|Any CPU.Build.0 = Release|Any CPU
	EndGlobalSection
	GlobalSection(SolutionProperties) = preSolution
		HideSolutionNode = FALSE
	EndGlobalSection
	GlobalSection(ExtensibilityGlobals) = postSolution
		SolutionGuid = {B1D68487-2F0C-44E2-A144-66EAFE084D2F}
	EndGlobalSection
EndGlobal
