
Microsoft Visual Studio Solution File, Format Version 12.00
# Visual Studio Version 16
VisualStudioVersion = 16.0.30717.126
MinimumVisualStudioVersion = 10.0.40219.1
Project("{9A19103F-16F7-4668-BE54-9A1E7A4F7556}") = "FrontMobile", "FrontMobile\FrontMobile\FrontMobile.csproj", "{E87D734B-ED9D-49E0-AFF8-FA1B8643B5D8}"
EndProject
Project("{FAE04EC0-301F-11D3-BF4B-00C04F79EFBC}") = "FrontMobile.Android", "FrontMobile\FrontMobile.Android\FrontMobile.Android.csproj", "{5C9CC122-3C4E-4CA1-925B-EA33FD0A8614}"
EndProject
Project("{FAE04EC0-301F-11D3-BF4B-00C04F79EFBC}") = "FrontMobile.iOS", "FrontMobile\FrontMobile.iOS\FrontMobile.iOS.csproj", "{4BA10F84-0ADC-4357-9D6B-0A64341D5A81}"
EndProject
Project("{9A19103F-16F7-4668-BE54-9A1E7A4F7556}") = "CommonLibrary", "CommonLibrary\CommonLibrary.csproj", "{62FB9820-E61D-4A87-B56C-CCAE94E6FA4A}"
EndProject
Project("{9A19103F-16F7-4668-BE54-9A1E7A4F7556}") = "Business", "Business\Business.csproj", "{0B298F3A-CB2E-4871-99EA-AA50991A7CDC}"
EndProject
Project("{FAE04EC0-301F-11D3-BF4B-00C04F79EFBC}") = "DataTransferObject", "DataTransferObject\DataTransferObject.csproj", "{F42FD57B-F794-4697-8799-6E15443D81B3}"
EndProject
Global
	GlobalSection(SolutionConfigurationPlatforms) = preSolution
		Ad-Hoc|Any CPU = Ad-Hoc|Any CPU
		Ad-Hoc|iPhone = Ad-Hoc|iPhone
		Ad-Hoc|iPhoneSimulator = Ad-Hoc|iPhoneSimulator
		AppStore|Any CPU = AppStore|Any CPU
		AppStore|iPhone = AppStore|iPhone
		AppStore|iPhoneSimulator = AppStore|iPhoneSimulator
		Debug|Any CPU = Debug|Any CPU
		Debug|iPhone = Debug|iPhone
		Debug|iPhoneSimulator = Debug|iPhoneSimulator
		Release|Any CPU = Release|Any CPU
		Release|iPhone = Release|iPhone
		Release|iPhoneSimulator = Release|iPhoneSimulator
	EndGlobalSection
	GlobalSection(ProjectConfigurationPlatforms) = postSolution
		{E87D734B-ED9D-49E0-AFF8-FA1B8643B5D8}.Ad-Hoc|Any CPU.ActiveCfg = Debug|Any CPU
		{E87D734B-ED9D-49E0-AFF8-FA1B8643B5D8}.Ad-Hoc|Any CPU.Build.0 = Debug|Any CPU
		{E87D734B-ED9D-49E0-AFF8-FA1B8643B5D8}.Ad-Hoc|iPhone.ActiveCfg = Debug|Any CPU
		{E87D734B-ED9D-49E0-AFF8-FA1B8643B5D8}.Ad-Hoc|iPhone.Build.0 = Debug|Any CPU
		{E87D734B-ED9D-49E0-AFF8-FA1B8643B5D8}.Ad-Hoc|iPhoneSimulator.ActiveCfg = Debug|Any CPU
		{E87D734B-ED9D-49E0-AFF8-FA1B8643B5D8}.Ad-Hoc|iPhoneSimulator.Build.0 = Debug|Any CPU
		{E87D734B-ED9D-49E0-AFF8-FA1B8643B5D8}.AppStore|Any CPU.ActiveCfg = Debug|Any CPU
		{E87D734B-ED9D-49E0-AFF8-FA1B8643B5D8}.AppStore|Any CPU.Build.0 = Debug|Any CPU
		{E87D734B-ED9D-49E0-AFF8-FA1B8643B5D8}.AppStore|iPhone.ActiveCfg = Debug|Any CPU
		{E87D734B-ED9D-49E0-AFF8-FA1B8643B5D8}.AppStore|iPhone.Build.0 = Debug|Any CPU
		{E87D734B-ED9D-49E0-AFF8-FA1B8643B5D8}.AppStore|iPhoneSimulator.ActiveCfg = Debug|Any CPU
		{E87D734B-ED9D-49E0-AFF8-FA1B8643B5D8}.AppStore|iPhoneSimulator.Build.0 = Debug|Any CPU
		{E87D734B-ED9D-49E0-AFF8-FA1B8643B5D8}.Debug|Any CPU.ActiveCfg = Debug|Any CPU
		{E87D734B-ED9D-49E0-AFF8-FA1B8643B5D8}.Debug|Any CPU.Build.0 = Debug|Any CPU
		{E87D734B-ED9D-49E0-AFF8-FA1B8643B5D8}.Debug|iPhone.ActiveCfg = Debug|Any CPU
		{E87D734B-ED9D-49E0-AFF8-FA1B8643B5D8}.Debug|iPhone.Build.0 = Debug|Any CPU
		{E87D734B-ED9D-49E0-AFF8-FA1B8643B5D8}.Debug|iPhoneSimulator.ActiveCfg = Debug|Any CPU
		{E87D734B-ED9D-49E0-AFF8-FA1B8643B5D8}.Debug|iPhoneSimulator.Build.0 = Debug|Any CPU
		{E87D734B-ED9D-49E0-AFF8-FA1B8643B5D8}.Release|Any CPU.ActiveCfg = Release|Any CPU
		{E87D734B-ED9D-49E0-AFF8-FA1B8643B5D8}.Release|Any CPU.Build.0 = Release|Any CPU
		{E87D734B-ED9D-49E0-AFF8-FA1B8643B5D8}.Release|iPhone.ActiveCfg = Release|Any CPU
		{E87D734B-ED9D-49E0-AFF8-FA1B8643B5D8}.Release|iPhone.Build.0 = Release|Any CPU
		{E87D734B-ED9D-49E0-AFF8-FA1B8643B5D8}.Release|iPhoneSimulator.ActiveCfg = Release|Any CPU
		{E87D734B-ED9D-49E0-AFF8-FA1B8643B5D8}.Release|iPhoneSimulator.Build.0 = Release|Any CPU
		{5C9CC122-3C4E-4CA1-925B-EA33FD0A8614}.Ad-Hoc|Any CPU.ActiveCfg = Debug|Any CPU
		{5C9CC122-3C4E-4CA1-925B-EA33FD0A8614}.Ad-Hoc|Any CPU.Build.0 = Debug|Any CPU
		{5C9CC122-3C4E-4CA1-925B-EA33FD0A8614}.Ad-Hoc|Any CPU.Deploy.0 = Debug|Any CPU
		{5C9CC122-3C4E-4CA1-925B-EA33FD0A8614}.Ad-Hoc|iPhone.ActiveCfg = Debug|Any CPU
		{5C9CC122-3C4E-4CA1-925B-EA33FD0A8614}.Ad-Hoc|iPhone.Build.0 = Debug|Any CPU
		{5C9CC122-3C4E-4CA1-925B-EA33FD0A8614}.Ad-Hoc|iPhone.Deploy.0 = Debug|Any CPU
		{5C9CC122-3C4E-4CA1-925B-EA33FD0A8614}.Ad-Hoc|iPhoneSimulator.ActiveCfg = Debug|Any CPU
		{5C9CC122-3C4E-4CA1-925B-EA33FD0A8614}.Ad-Hoc|iPhoneSimulator.Build.0 = Debug|Any CPU
		{5C9CC122-3C4E-4CA1-925B-EA33FD0A8614}.Ad-Hoc|iPhoneSimulator.Deploy.0 = Debug|Any CPU
		{5C9CC122-3C4E-4CA1-925B-EA33FD0A8614}.AppStore|Any CPU.ActiveCfg = Debug|Any CPU
		{5C9CC122-3C4E-4CA1-925B-EA33FD0A8614}.AppStore|Any CPU.Build.0 = Debug|Any CPU
		{5C9CC122-3C4E-4CA1-925B-EA33FD0A8614}.AppStore|Any CPU.Deploy.0 = Debug|Any CPU
		{5C9CC122-3C4E-4CA1-925B-EA33FD0A8614}.AppStore|iPhone.ActiveCfg = Debug|Any CPU
		{5C9CC122-3C4E-4CA1-925B-EA33FD0A8614}.AppStore|iPhone.Build.0 = Debug|Any CPU
		{5C9CC122-3C4E-4CA1-925B-EA33FD0A8614}.AppStore|iPhone.Deploy.0 = Debug|Any CPU
		{5C9CC122-3C4E-4CA1-925B-EA33FD0A8614}.AppStore|iPhoneSimulator.ActiveCfg = Debug|Any CPU
		{5C9CC122-3C4E-4CA1-925B-EA33FD0A8614}.AppStore|iPhoneSimulator.Build.0 = Debug|Any CPU
		{5C9CC122-3C4E-4CA1-925B-EA33FD0A8614}.AppStore|iPhoneSimulator.Deploy.0 = Debug|Any CPU
		{5C9CC122-3C4E-4CA1-925B-EA33FD0A8614}.Debug|Any CPU.ActiveCfg = Debug|Any CPU
		{5C9CC122-3C4E-4CA1-925B-EA33FD0A8614}.Debug|Any CPU.Build.0 = Debug|Any CPU
		{5C9CC122-3C4E-4CA1-925B-EA33FD0A8614}.Debug|Any CPU.Deploy.0 = Debug|Any CPU
		{5C9CC122-3C4E-4CA1-925B-EA33FD0A8614}.Debug|iPhone.ActiveCfg = Debug|Any CPU
		{5C9CC122-3C4E-4CA1-925B-EA33FD0A8614}.Debug|iPhone.Build.0 = Debug|Any CPU
		{5C9CC122-3C4E-4CA1-925B-EA33FD0A8614}.Debug|iPhone.Deploy.0 = Debug|Any CPU
		{5C9CC122-3C4E-4CA1-925B-EA33FD0A8614}.Debug|iPhoneSimulator.ActiveCfg = Debug|Any CPU
		{5C9CC122-3C4E-4CA1-925B-EA33FD0A8614}.Debug|iPhoneSimulator.Build.0 = Debug|Any CPU
		{5C9CC122-3C4E-4CA1-925B-EA33FD0A8614}.Debug|iPhoneSimulator.Deploy.0 = Debug|Any CPU
		{5C9CC122-3C4E-4CA1-925B-EA33FD0A8614}.Release|Any CPU.ActiveCfg = Release|Any CPU
		{5C9CC122-3C4E-4CA1-925B-EA33FD0A8614}.Release|Any CPU.Build.0 = Release|Any CPU
		{5C9CC122-3C4E-4CA1-925B-EA33FD0A8614}.Release|Any CPU.Deploy.0 = Release|Any CPU
		{5C9CC122-3C4E-4CA1-925B-EA33FD0A8614}.Release|iPhone.ActiveCfg = Release|Any CPU
		{5C9CC122-3C4E-4CA1-925B-EA33FD0A8614}.Release|iPhone.Build.0 = Release|Any CPU
		{5C9CC122-3C4E-4CA1-925B-EA33FD0A8614}.Release|iPhone.Deploy.0 = Release|Any CPU
		{5C9CC122-3C4E-4CA1-925B-EA33FD0A8614}.Release|iPhoneSimulator.ActiveCfg = Release|Any CPU
		{5C9CC122-3C4E-4CA1-925B-EA33FD0A8614}.Release|iPhoneSimulator.Build.0 = Release|Any CPU
		{5C9CC122-3C4E-4CA1-925B-EA33FD0A8614}.Release|iPhoneSimulator.Deploy.0 = Release|Any CPU
		{4BA10F84-0ADC-4357-9D6B-0A64341D5A81}.Ad-Hoc|Any CPU.ActiveCfg = Ad-Hoc|iPhoneSimulator
		{4BA10F84-0ADC-4357-9D6B-0A64341D5A81}.Ad-Hoc|iPhone.ActiveCfg = Ad-Hoc|iPhone
		{4BA10F84-0ADC-4357-9D6B-0A64341D5A81}.Ad-Hoc|iPhone.Build.0 = Ad-Hoc|iPhone
		{4BA10F84-0ADC-4357-9D6B-0A64341D5A81}.Ad-Hoc|iPhoneSimulator.ActiveCfg = Ad-Hoc|iPhoneSimulator
		{4BA10F84-0ADC-4357-9D6B-0A64341D5A81}.Ad-Hoc|iPhoneSimulator.Build.0 = Ad-Hoc|iPhoneSimulator
		{4BA10F84-0ADC-4357-9D6B-0A64341D5A81}.AppStore|Any CPU.ActiveCfg = AppStore|iPhoneSimulator
		{4BA10F84-0ADC-4357-9D6B-0A64341D5A81}.AppStore|iPhone.ActiveCfg = AppStore|iPhone
		{4BA10F84-0ADC-4357-9D6B-0A64341D5A81}.AppStore|iPhone.Build.0 = AppStore|iPhone
		{4BA10F84-0ADC-4357-9D6B-0A64341D5A81}.AppStore|iPhoneSimulator.ActiveCfg = AppStore|iPhoneSimulator
		{4BA10F84-0ADC-4357-9D6B-0A64341D5A81}.AppStore|iPhoneSimulator.Build.0 = AppStore|iPhoneSimulator
		{4BA10F84-0ADC-4357-9D6B-0A64341D5A81}.Debug|Any CPU.ActiveCfg = Debug|iPhoneSimulator
		{4BA10F84-0ADC-4357-9D6B-0A64341D5A81}.Debug|iPhone.ActiveCfg = Debug|iPhone
		{4BA10F84-0ADC-4357-9D6B-0A64341D5A81}.Debug|iPhone.Build.0 = Debug|iPhone
		{4BA10F84-0ADC-4357-9D6B-0A64341D5A81}.Debug|iPhoneSimulator.ActiveCfg = Debug|iPhoneSimulator
		{4BA10F84-0ADC-4357-9D6B-0A64341D5A81}.Debug|iPhoneSimulator.Build.0 = Debug|iPhoneSimulator
		{4BA10F84-0ADC-4357-9D6B-0A64341D5A81}.Release|Any CPU.ActiveCfg = Release|iPhoneSimulator
		{4BA10F84-0ADC-4357-9D6B-0A64341D5A81}.Release|iPhone.ActiveCfg = Release|iPhone
		{4BA10F84-0ADC-4357-9D6B-0A64341D5A81}.Release|iPhone.Build.0 = Release|iPhone
		{4BA10F84-0ADC-4357-9D6B-0A64341D5A81}.Release|iPhoneSimulator.ActiveCfg = Release|iPhoneSimulator
		{4BA10F84-0ADC-4357-9D6B-0A64341D5A81}.Release|iPhoneSimulator.Build.0 = Release|iPhoneSimulator
		{62FB9820-E61D-4A87-B56C-CCAE94E6FA4A}.Ad-Hoc|Any CPU.ActiveCfg = Debug|Any CPU
		{62FB9820-E61D-4A87-B56C-CCAE94E6FA4A}.Ad-Hoc|Any CPU.Build.0 = Debug|Any CPU
		{62FB9820-E61D-4A87-B56C-CCAE94E6FA4A}.Ad-Hoc|iPhone.ActiveCfg = Debug|Any CPU
		{62FB9820-E61D-4A87-B56C-CCAE94E6FA4A}.Ad-Hoc|iPhone.Build.0 = Debug|Any CPU
		{62FB9820-E61D-4A87-B56C-CCAE94E6FA4A}.Ad-Hoc|iPhoneSimulator.ActiveCfg = Debug|Any CPU
		{62FB9820-E61D-4A87-B56C-CCAE94E6FA4A}.Ad-Hoc|iPhoneSimulator.Build.0 = Debug|Any CPU
		{62FB9820-E61D-4A87-B56C-CCAE94E6FA4A}.AppStore|Any CPU.ActiveCfg = Debug|Any CPU
		{62FB9820-E61D-4A87-B56C-CCAE94E6FA4A}.AppStore|Any CPU.Build.0 = Debug|Any CPU
		{62FB9820-E61D-4A87-B56C-CCAE94E6FA4A}.AppStore|iPhone.ActiveCfg = Debug|Any CPU
		{62FB9820-E61D-4A87-B56C-CCAE94E6FA4A}.AppStore|iPhone.Build.0 = Debug|Any CPU
		{62FB9820-E61D-4A87-B56C-CCAE94E6FA4A}.AppStore|iPhoneSimulator.ActiveCfg = Debug|Any CPU
		{62FB9820-E61D-4A87-B56C-CCAE94E6FA4A}.AppStore|iPhoneSimulator.Build.0 = Debug|Any CPU
		{62FB9820-E61D-4A87-B56C-CCAE94E6FA4A}.Debug|Any CPU.ActiveCfg = Debug|Any CPU
		{62FB9820-E61D-4A87-B56C-CCAE94E6FA4A}.Debug|Any CPU.Build.0 = Debug|Any CPU
		{62FB9820-E61D-4A87-B56C-CCAE94E6FA4A}.Debug|iPhone.ActiveCfg = Debug|Any CPU
		{62FB9820-E61D-4A87-B56C-CCAE94E6FA4A}.Debug|iPhone.Build.0 = Debug|Any CPU
		{62FB9820-E61D-4A87-B56C-CCAE94E6FA4A}.Debug|iPhoneSimulator.ActiveCfg = Debug|Any CPU
		{62FB9820-E61D-4A87-B56C-CCAE94E6FA4A}.Debug|iPhoneSimulator.Build.0 = Debug|Any CPU
		{62FB9820-E61D-4A87-B56C-CCAE94E6FA4A}.Release|Any CPU.ActiveCfg = Release|Any CPU
		{62FB9820-E61D-4A87-B56C-CCAE94E6FA4A}.Release|Any CPU.Build.0 = Release|Any CPU
		{62FB9820-E61D-4A87-B56C-CCAE94E6FA4A}.Release|iPhone.ActiveCfg = Release|Any CPU
		{62FB9820-E61D-4A87-B56C-CCAE94E6FA4A}.Release|iPhone.Build.0 = Release|Any CPU
		{62FB9820-E61D-4A87-B56C-CCAE94E6FA4A}.Release|iPhoneSimulator.ActiveCfg = Release|Any CPU
		{62FB9820-E61D-4A87-B56C-CCAE94E6FA4A}.Release|iPhoneSimulator.Build.0 = Release|Any CPU
		{0B298F3A-CB2E-4871-99EA-AA50991A7CDC}.Ad-Hoc|Any CPU.ActiveCfg = Debug|Any CPU
		{0B298F3A-CB2E-4871-99EA-AA50991A7CDC}.Ad-Hoc|Any CPU.Build.0 = Debug|Any CPU
		{0B298F3A-CB2E-4871-99EA-AA50991A7CDC}.Ad-Hoc|iPhone.ActiveCfg = Debug|Any CPU
		{0B298F3A-CB2E-4871-99EA-AA50991A7CDC}.Ad-Hoc|iPhone.Build.0 = Debug|Any CPU
		{0B298F3A-CB2E-4871-99EA-AA50991A7CDC}.Ad-Hoc|iPhoneSimulator.ActiveCfg = Debug|Any CPU
		{0B298F3A-CB2E-4871-99EA-AA50991A7CDC}.Ad-Hoc|iPhoneSimulator.Build.0 = Debug|Any CPU
		{0B298F3A-CB2E-4871-99EA-AA50991A7CDC}.AppStore|Any CPU.ActiveCfg = Debug|Any CPU
		{0B298F3A-CB2E-4871-99EA-AA50991A7CDC}.AppStore|Any CPU.Build.0 = Debug|Any CPU
		{0B298F3A-CB2E-4871-99EA-AA50991A7CDC}.AppStore|iPhone.ActiveCfg = Debug|Any CPU
		{0B298F3A-CB2E-4871-99EA-AA50991A7CDC}.AppStore|iPhone.Build.0 = Debug|Any CPU
		{0B298F3A-CB2E-4871-99EA-AA50991A7CDC}.AppStore|iPhoneSimulator.ActiveCfg = Debug|Any CPU
		{0B298F3A-CB2E-4871-99EA-AA50991A7CDC}.AppStore|iPhoneSimulator.Build.0 = Debug|Any CPU
		{0B298F3A-CB2E-4871-99EA-AA50991A7CDC}.Debug|Any CPU.ActiveCfg = Debug|Any CPU
		{0B298F3A-CB2E-4871-99EA-AA50991A7CDC}.Debug|Any CPU.Build.0 = Debug|Any CPU
		{0B298F3A-CB2E-4871-99EA-AA50991A7CDC}.Debug|iPhone.ActiveCfg = Debug|Any CPU
		{0B298F3A-CB2E-4871-99EA-AA50991A7CDC}.Debug|iPhone.Build.0 = Debug|Any CPU
		{0B298F3A-CB2E-4871-99EA-AA50991A7CDC}.Debug|iPhoneSimulator.ActiveCfg = Debug|Any CPU
		{0B298F3A-CB2E-4871-99EA-AA50991A7CDC}.Debug|iPhoneSimulator.Build.0 = Debug|Any CPU
		{0B298F3A-CB2E-4871-99EA-AA50991A7CDC}.Release|Any CPU.ActiveCfg = Release|Any CPU
		{0B298F3A-CB2E-4871-99EA-AA50991A7CDC}.Release|Any CPU.Build.0 = Release|Any CPU
		{0B298F3A-CB2E-4871-99EA-AA50991A7CDC}.Release|iPhone.ActiveCfg = Release|Any CPU
		{0B298F3A-CB2E-4871-99EA-AA50991A7CDC}.Release|iPhone.Build.0 = Release|Any CPU
		{0B298F3A-CB2E-4871-99EA-AA50991A7CDC}.Release|iPhoneSimulator.ActiveCfg = Release|Any CPU
		{0B298F3A-CB2E-4871-99EA-AA50991A7CDC}.Release|iPhoneSimulator.Build.0 = Release|Any CPU
		{F42FD57B-F794-4697-8799-6E15443D81B3}.Ad-Hoc|Any CPU.ActiveCfg = Debug|Any CPU
		{F42FD57B-F794-4697-8799-6E15443D81B3}.Ad-Hoc|Any CPU.Build.0 = Debug|Any CPU
		{F42FD57B-F794-4697-8799-6E15443D81B3}.Ad-Hoc|iPhone.ActiveCfg = Debug|Any CPU
		{F42FD57B-F794-4697-8799-6E15443D81B3}.Ad-Hoc|iPhone.Build.0 = Debug|Any CPU
		{F42FD57B-F794-4697-8799-6E15443D81B3}.Ad-Hoc|iPhoneSimulator.ActiveCfg = Debug|Any CPU
		{F42FD57B-F794-4697-8799-6E15443D81B3}.Ad-Hoc|iPhoneSimulator.Build.0 = Debug|Any CPU
		{F42FD57B-F794-4697-8799-6E15443D81B3}.AppStore|Any CPU.ActiveCfg = Debug|Any CPU
		{F42FD57B-F794-4697-8799-6E15443D81B3}.AppStore|Any CPU.Build.0 = Debug|Any CPU
		{F42FD57B-F794-4697-8799-6E15443D81B3}.AppStore|iPhone.ActiveCfg = Debug|Any CPU
		{F42FD57B-F794-4697-8799-6E15443D81B3}.AppStore|iPhone.Build.0 = Debug|Any CPU
		{F42FD57B-F794-4697-8799-6E15443D81B3}.AppStore|iPhoneSimulator.ActiveCfg = Debug|Any CPU
		{F42FD57B-F794-4697-8799-6E15443D81B3}.AppStore|iPhoneSimulator.Build.0 = Debug|Any CPU
		{F42FD57B-F794-4697-8799-6E15443D81B3}.Debug|Any CPU.ActiveCfg = Debug|Any CPU
		{F42FD57B-F794-4697-8799-6E15443D81B3}.Debug|Any CPU.Build.0 = Debug|Any CPU
		{F42FD57B-F794-4697-8799-6E15443D81B3}.Debug|iPhone.ActiveCfg = Debug|Any CPU
		{F42FD57B-F794-4697-8799-6E15443D81B3}.Debug|iPhone.Build.0 = Debug|Any CPU
		{F42FD57B-F794-4697-8799-6E15443D81B3}.Debug|iPhoneSimulator.ActiveCfg = Debug|Any CPU
		{F42FD57B-F794-4697-8799-6E15443D81B3}.Debug|iPhoneSimulator.Build.0 = Debug|Any CPU
		{F42FD57B-F794-4697-8799-6E15443D81B3}.Release|Any CPU.ActiveCfg = Release|Any CPU
		{F42FD57B-F794-4697-8799-6E15443D81B3}.Release|Any CPU.Build.0 = Release|Any CPU
		{F42FD57B-F794-4697-8799-6E15443D81B3}.Release|iPhone.ActiveCfg = Release|Any CPU
		{F42FD57B-F794-4697-8799-6E15443D81B3}.Release|iPhone.Build.0 = Release|Any CPU
		{F42FD57B-F794-4697-8799-6E15443D81B3}.Release|iPhoneSimulator.ActiveCfg = Release|Any CPU
		{F42FD57B-F794-4697-8799-6E15443D81B3}.Release|iPhoneSimulator.Build.0 = Release|Any CPU
	EndGlobalSection
	GlobalSection(SolutionProperties) = preSolution
		HideSolutionNode = FALSE
	EndGlobalSection
	GlobalSection(ExtensibilityGlobals) = postSolution
		SolutionGuid = {D676B9AF-700D-4178-8D4B-DEBD2013B2B3}
	EndGlobalSection
EndGlobal
