
Microsoft Visual Studio Solution File, Format Version 12.00
# Visual Studio Version 16
VisualStudioVersion = 16.0.31402.337
MinimumVisualStudioVersion = 10.0.40219.1
Project("{FAE04EC0-301F-11D3-BF4B-00C04F79EFBC}") = "AA03", "AA03\AA03.csproj", "{48948466-B2FE-4C33-84A8-407A791A395F}"
EndProject
Global
	GlobalSection(SolutionConfigurationPlatforms) = preSolution
		Debug|Any CPU = Debug|Any CPU
		Release|Any CPU = Release|Any CPU
	EndGlobalSection
	GlobalSection(ProjectConfigurationPlatforms) = postSolution
		{48948466-B2FE-4C33-84A8-407A791A395F}.Debug|Any CPU.ActiveCfg = Debug|Any CPU
		{48948466-B2FE-4C33-84A8-407A791A395F}.Debug|Any CPU.Build.0 = Debug|Any CPU
		{48948466-B2FE-4C33-84A8-407A791A395F}.Release|Any CPU.ActiveCfg = Release|Any CPU
		{48948466-B2FE-4C33-84A8-407A791A395F}.Release|Any CPU.Build.0 = Release|Any CPU
	EndGlobalSection
	GlobalSection(SolutionProperties) = preSolution
		HideSolutionNode = FALSE
	EndGlobalSection
	GlobalSection(ExtensibilityGlobals) = postSolution
		SolutionGuid = {BCF73F48-06C1-45A7-ACCA-9B38AE7226FB}
	EndGlobalSection
EndGlobal
