
Microsoft Visual Studio Solution File, Format Version 12.00
# Visual Studio Version 16
VisualStudioVersion = 16.0.31402.337
MinimumVisualStudioVersion = 10.0.40219.1
Project("{FAE04EC0-301F-11D3-BF4B-00C04F79EFBC}") = "AA29", "AA29\AA29.csproj", "{BDEBBE30-3ADD-4CAD-985A-A12CFAB0DFFA}"
EndProject
Global
	GlobalSection(SolutionConfigurationPlatforms) = preSolution
		Debug|Any CPU = Debug|Any CPU
		Release|Any CPU = Release|Any CPU
	EndGlobalSection
	GlobalSection(ProjectConfigurationPlatforms) = postSolution
		{BDEBBE30-3ADD-4CAD-985A-A12CFAB0DFFA}.Debug|Any CPU.ActiveCfg = Debug|Any CPU
		{BDEBBE30-3ADD-4CAD-985A-A12CFAB0DFFA}.Debug|Any CPU.Build.0 = Debug|Any CPU
		{BDEBBE30-3ADD-4CAD-985A-A12CFAB0DFFA}.Release|Any CPU.ActiveCfg = Release|Any CPU
		{BDEBBE30-3ADD-4CAD-985A-A12CFAB0DFFA}.Release|Any CPU.Build.0 = Release|Any CPU
	EndGlobalSection
	GlobalSection(SolutionProperties) = preSolution
		HideSolutionNode = FALSE
	EndGlobalSection
	GlobalSection(ExtensibilityGlobals) = postSolution
		SolutionGuid = {F2482774-8B5D-4DD0-AA9E-1584896C5C70}
	EndGlobalSection
EndGlobal
