
Microsoft Visual Studio Solution File, Format Version 12.00
# Visual Studio Version 16
VisualStudioVersion = 16.0.31402.337
MinimumVisualStudioVersion = 10.0.40219.1
Project("{FAE04EC0-301F-11D3-BF4B-00C04F79EFBC}") = "AA31", "AA31\AA31.csproj", "{164FDD46-7B57-4C72-BF05-4CA8737E063C}"
EndProject
Global
	GlobalSection(SolutionConfigurationPlatforms) = preSolution
		Debug|Any CPU = Debug|Any CPU
		Release|Any CPU = Release|Any CPU
	EndGlobalSection
	GlobalSection(ProjectConfigurationPlatforms) = postSolution
		{164FDD46-7B57-4C72-BF05-4CA8737E063C}.Debug|Any CPU.ActiveCfg = Debug|Any CPU
		{164FDD46-7B57-4C72-BF05-4CA8737E063C}.Debug|Any CPU.Build.0 = Debug|Any CPU
		{164FDD46-7B57-4C72-BF05-4CA8737E063C}.Release|Any CPU.ActiveCfg = Release|Any CPU
		{164FDD46-7B57-4C72-BF05-4CA8737E063C}.Release|Any CPU.Build.0 = Release|Any CPU
	EndGlobalSection
	GlobalSection(SolutionProperties) = preSolution
		HideSolutionNode = FALSE
	EndGlobalSection
	GlobalSection(ExtensibilityGlobals) = postSolution
		SolutionGuid = {456BB0DE-BD63-4756-99A6-238D24DF9219}
	EndGlobalSection
EndGlobal
