
Microsoft Visual Studio Solution File, Format Version 12.00
# Visual Studio Version 16
VisualStudioVersion = 16.0.31402.337
MinimumVisualStudioVersion = 10.0.40219.1
Project("{FAE04EC0-301F-11D3-BF4B-00C04F79EFBC}") = "AC05", "AC05\AC05.csproj", "{9FD60C22-147F-489C-86D2-02E9236A6D1F}"
EndProject
Global
	GlobalSection(SolutionConfigurationPlatforms) = preSolution
		Debug|Any CPU = Debug|Any CPU
		Release|Any CPU = Release|Any CPU
	EndGlobalSection
	GlobalSection(ProjectConfigurationPlatforms) = postSolution
		{9FD60C22-147F-489C-86D2-02E9236A6D1F}.Debug|Any CPU.ActiveCfg = Debug|Any CPU
		{9FD60C22-147F-489C-86D2-02E9236A6D1F}.Debug|Any CPU.Build.0 = Debug|Any CPU
		{9FD60C22-147F-489C-86D2-02E9236A6D1F}.Release|Any CPU.ActiveCfg = Release|Any CPU
		{9FD60C22-147F-489C-86D2-02E9236A6D1F}.Release|Any CPU.Build.0 = Release|Any CPU
	EndGlobalSection
	GlobalSection(SolutionProperties) = preSolution
		HideSolutionNode = FALSE
	EndGlobalSection
	GlobalSection(ExtensibilityGlobals) = postSolution
		SolutionGuid = {CC1F2CC0-B4EF-46D3-927A-ADA72288EE07}
	EndGlobalSection
EndGlobal
