
Microsoft Visual Studio Solution File, Format Version 12.00
# Visual Studio Version 16
VisualStudioVersion = 16.0.31402.337
MinimumVisualStudioVersion = 10.0.40219.1
Project("{9A19103F-16F7-4668-BE54-9A1E7A4F7556}") = "AA01", "..\AA01\AA01\AA01.csproj", "{E8BF8346-F287-4553-87DA-E8CE363CFD52}"
EndProject
Project("{9A19103F-16F7-4668-BE54-9A1E7A4F7556}") = "AA02", "..\AA02\AA02\AA02.csproj", "{D3281755-DFA6-48A0-A5CA-9C81F83013EC}"
EndProject
Project("{9A19103F-16F7-4668-BE54-9A1E7A4F7556}") = "AA03", "..\AA03\AA03\AA03.csproj", "{02D39AAC-D29E-40BF-B56D-B5D8D438B829}"
EndProject
Project("{9A19103F-16F7-4668-BE54-9A1E7A4F7556}") = "AA04", "..\AA04\AA04\AA04.csproj", "{F506D819-D2CB-4493-9CF3-2BCFB6361F46}"
EndProject
Project("{9A19103F-16F7-4668-BE54-9A1E7A4F7556}") = "AA05", "..\AA05\AA05\AA05.csproj", "{0B1CFE5C-F13D-46D8-A5C0-FC0AB6813EEF}"
EndProject
Project("{9A19103F-16F7-4668-BE54-9A1E7A4F7556}") = "AA06", "..\AA06\AA06\AA06.csproj", "{00A50246-876C-41F7-8743-B837D6408509}"
EndProject
Project("{9A19103F-16F7-4668-BE54-9A1E7A4F7556}") = "AA07", "..\AA07\AA07\AA07.csproj", "{4783AA3E-2A64-4F2F-A998-02C571C843E8}"
EndProject
Project("{9A19103F-16F7-4668-BE54-9A1E7A4F7556}") = "AA08", "..\AA08\AA08\AA08.csproj", "{32C36C21-834C-4158-9660-EE0A997D1506}"
EndProject
Project("{9A19103F-16F7-4668-BE54-9A1E7A4F7556}") = "AA09", "..\AA09\AA09\AA09.csproj", "{8F4B350C-9D59-49A5-AB55-0D2EE2D9E217}"
EndProject
Project("{9A19103F-16F7-4668-BE54-9A1E7A4F7556}") = "AA10", "..\AA10\AA10\AA10.csproj", "{530E2DAB-9720-4EB6-BAE4-9D6F226500A2}"
EndProject
Project("{9A19103F-16F7-4668-BE54-9A1E7A4F7556}") = "AA11", "..\AA11\AA11\AA11.csproj", "{E1F138D9-A07F-495F-B5C7-EB805FBD2D1E}"
EndProject
Project("{9A19103F-16F7-4668-BE54-9A1E7A4F7556}") = "AA12", "..\AA12\AA12\AA12.csproj", "{0003C433-CE9F-49FA-A0AC-ADFBBB371E66}"
EndProject
Project("{9A19103F-16F7-4668-BE54-9A1E7A4F7556}") = "AA13", "..\AA13\AA13\AA13.csproj", "{9FCD7233-3356-4908-9B67-A46CD5E6A3E6}"
EndProject
Project("{9A19103F-16F7-4668-BE54-9A1E7A4F7556}") = "AA14", "..\AA14\AA14\AA14.csproj", "{658004C4-07A1-4CD5-82AE-826E7CDEF8C0}"
EndProject
Project("{9A19103F-16F7-4668-BE54-9A1E7A4F7556}") = "AA15", "..\AA15\AA15\AA15.csproj", "{E6EB3704-62FA-4A20-896D-0ADF76D789C4}"
EndProject
Project("{9A19103F-16F7-4668-BE54-9A1E7A4F7556}") = "AA16", "..\AA16\AA16\AA16.csproj", "{3B824A4B-4F7B-4F97-BC96-BDB88EC72395}"
EndProject
Project("{9A19103F-16F7-4668-BE54-9A1E7A4F7556}") = "AA17", "..\AA17\AA17\AA17.csproj", "{A2363994-6EDF-4969-8745-00B369CBBF63}"
EndProject
Project("{9A19103F-16F7-4668-BE54-9A1E7A4F7556}") = "AA18", "..\AA18\AA18\AA18.csproj", "{AE2B1795-BAB6-4382-B123-E93137E91D88}"
EndProject
Project("{9A19103F-16F7-4668-BE54-9A1E7A4F7556}") = "AA19", "..\AA19\AA19\AA19.csproj", "{5D1FCC0D-8564-4A77-975C-662E6864CDE8}"
EndProject
Project("{9A19103F-16F7-4668-BE54-9A1E7A4F7556}") = "AA20", "..\AA20\AA20\AA20.csproj", "{7202EAF1-0F05-42F6-BF4E-18EC0A3B15E5}"
EndProject
Project("{9A19103F-16F7-4668-BE54-9A1E7A4F7556}") = "AA21", "..\AA21\AA21\AA21.csproj", "{E7378112-F378-4C85-BBBD-BE2A84BCBE92}"
EndProject
Project("{9A19103F-16F7-4668-BE54-9A1E7A4F7556}") = "AA22", "..\AA22\AA22\AA22.csproj", "{4BB7CB87-8AE1-4FCD-A344-1AF96FB422BC}"
EndProject
Project("{9A19103F-16F7-4668-BE54-9A1E7A4F7556}") = "AA23", "..\AA23\AA23\AA23.csproj", "{C6353E90-6794-4DD2-8971-28C6ADEAF054}"
EndProject
Project("{9A19103F-16F7-4668-BE54-9A1E7A4F7556}") = "AA24", "..\AA24\AA24\AA24.csproj", "{6488FD4F-0963-4D22-BC0D-84019379A7E6}"
EndProject
Project("{9A19103F-16F7-4668-BE54-9A1E7A4F7556}") = "AA25", "..\AA25\AA25\AA25.csproj", "{5D7C6442-6199-4F74-8F07-CC0665D7C6FC}"
EndProject
Project("{9A19103F-16F7-4668-BE54-9A1E7A4F7556}") = "AA26", "..\AA26\AA26\AA26.csproj", "{210CE9E3-16B6-4F2C-8E57-56B38C66F246}"
EndProject
Project("{9A19103F-16F7-4668-BE54-9A1E7A4F7556}") = "AA27", "..\AA27\AA27\AA27.csproj", "{310CAACC-C7C7-4F8C-B41A-47D65CB2F6CE}"
EndProject
Project("{9A19103F-16F7-4668-BE54-9A1E7A4F7556}") = "AA28", "..\AA28\AA28\AA28.csproj", "{0692BDFA-1AE8-4C51-8B28-726E54213CA0}"
EndProject
Project("{9A19103F-16F7-4668-BE54-9A1E7A4F7556}") = "AA29", "..\AA29\AA29\AA29.csproj", "{ACB45E50-2906-4A21-9FEA-51E9B308B6A8}"
EndProject
Project("{9A19103F-16F7-4668-BE54-9A1E7A4F7556}") = "AA30", "..\AA30\AA30\AA30.csproj", "{2EF3590E-708C-4524-8D33-0FE80C25D9D8}"
EndProject
Project("{9A19103F-16F7-4668-BE54-9A1E7A4F7556}") = "AA31", "..\AA31\AA31\AA31.csproj", "{B553228F-78E4-43B7-85FF-D9A12B63B0F4}"
EndProject
Project("{9A19103F-16F7-4668-BE54-9A1E7A4F7556}") = "AA32", "..\AA32\AA32\AA32.csproj", "{66596AED-653F-47EA-9761-093E71993AEB}"
EndProject
Project("{2150E333-8FDC-42A3-9474-1A3956D46DE8}") = "01 伺服器端設計送出不同 HTTP 狀態碼", "01 伺服器端設計送出不同 HTTP 狀態碼", "{B2E1EC9D-6202-4B49-957A-47CC38F6CB86}"
EndProject
Project("{2150E333-8FDC-42A3-9474-1A3956D46DE8}") = "03 伺服器端設計送出不同資料方法", "03 伺服器端設計送出不同資料方法", "{ED17150C-697E-4A1F-9F0C-199BDCBD406A}"
EndProject
Project("{2150E333-8FDC-42A3-9474-1A3956D46DE8}") = "04 伺服器端設計取得不同資料方法", "04 伺服器端設計取得不同資料方法", "{6D3611BF-ABE0-4A7D-8341-F4C89C5A173D}"
EndProject
Project("{2150E333-8FDC-42A3-9474-1A3956D46DE8}") = "05 HttpClient進階應用設計方法", "05 HttpClient進階應用設計方法", "{9DE265CA-9390-427F-BEED-5ED0DB2D4B7D}"
EndProject
Project("{2150E333-8FDC-42A3-9474-1A3956D46DE8}") = "06 綜合練習CRUD API 存取設計", "06 綜合練習CRUD API 存取設計", "{EA3F4912-45CB-4E87-8CBD-B9040F16F5FD}"
EndProject
Project("{2150E333-8FDC-42A3-9474-1A3956D46DE8}") = "07 使用 JWT 來實作出認證與授權", "07 使用 JWT 來實作出認證與授權", "{953AB769-AF70-4AE6-8AB9-831389C17583}"
EndProject
Project("{2150E333-8FDC-42A3-9474-1A3956D46DE8}") = "08 使用 BaseWebAPI 抽象類別來設計 API 服務", "08 使用 BaseWebAPI 抽象類別來設計 API 服務", "{75EBF5A6-27FE-479F-855C-44402228409E}"
EndProject
Project("{2150E333-8FDC-42A3-9474-1A3956D46DE8}") = "02 使用 RestSharp 直接讀取回應內容或者狀態碼、內容", "02 使用 RestSharp 直接讀取回應內容或者狀態碼、內容", "{4292B887-7C10-4058-8D2E-0A85BC73C9FB}"
EndProject
Global
	GlobalSection(SolutionConfigurationPlatforms) = preSolution
		Debug|Any CPU = Debug|Any CPU
		Release|Any CPU = Release|Any CPU
	EndGlobalSection
	GlobalSection(ProjectConfigurationPlatforms) = postSolution
		{E8BF8346-F287-4553-87DA-E8CE363CFD52}.Debug|Any CPU.ActiveCfg = Debug|Any CPU
		{E8BF8346-F287-4553-87DA-E8CE363CFD52}.Debug|Any CPU.Build.0 = Debug|Any CPU
		{E8BF8346-F287-4553-87DA-E8CE363CFD52}.Release|Any CPU.ActiveCfg = Release|Any CPU
		{E8BF8346-F287-4553-87DA-E8CE363CFD52}.Release|Any CPU.Build.0 = Release|Any CPU
		{D3281755-DFA6-48A0-A5CA-9C81F83013EC}.Debug|Any CPU.ActiveCfg = Debug|Any CPU
		{D3281755-DFA6-48A0-A5CA-9C81F83013EC}.Debug|Any CPU.Build.0 = Debug|Any CPU
		{D3281755-DFA6-48A0-A5CA-9C81F83013EC}.Release|Any CPU.ActiveCfg = Release|Any CPU
		{D3281755-DFA6-48A0-A5CA-9C81F83013EC}.Release|Any CPU.Build.0 = Release|Any CPU
		{02D39AAC-D29E-40BF-B56D-B5D8D438B829}.Debug|Any CPU.ActiveCfg = Debug|Any CPU
		{02D39AAC-D29E-40BF-B56D-B5D8D438B829}.Debug|Any CPU.Build.0 = Debug|Any CPU
		{02D39AAC-D29E-40BF-B56D-B5D8D438B829}.Release|Any CPU.ActiveCfg = Release|Any CPU
		{02D39AAC-D29E-40BF-B56D-B5D8D438B829}.Release|Any CPU.Build.0 = Release|Any CPU
		{F506D819-D2CB-4493-9CF3-2BCFB6361F46}.Debug|Any CPU.ActiveCfg = Debug|Any CPU
		{F506D819-D2CB-4493-9CF3-2BCFB6361F46}.Debug|Any CPU.Build.0 = Debug|Any CPU
		{F506D819-D2CB-4493-9CF3-2BCFB6361F46}.Release|Any CPU.ActiveCfg = Release|Any CPU
		{F506D819-D2CB-4493-9CF3-2BCFB6361F46}.Release|Any CPU.Build.0 = Release|Any CPU
		{0B1CFE5C-F13D-46D8-A5C0-FC0AB6813EEF}.Debug|Any CPU.ActiveCfg = Debug|Any CPU
		{0B1CFE5C-F13D-46D8-A5C0-FC0AB6813EEF}.Debug|Any CPU.Build.0 = Debug|Any CPU
		{0B1CFE5C-F13D-46D8-A5C0-FC0AB6813EEF}.Release|Any CPU.ActiveCfg = Release|Any CPU
		{0B1CFE5C-F13D-46D8-A5C0-FC0AB6813EEF}.Release|Any CPU.Build.0 = Release|Any CPU
		{00A50246-876C-41F7-8743-B837D6408509}.Debug|Any CPU.ActiveCfg = Debug|Any CPU
		{00A50246-876C-41F7-8743-B837D6408509}.Debug|Any CPU.Build.0 = Debug|Any CPU
		{00A50246-876C-41F7-8743-B837D6408509}.Release|Any CPU.ActiveCfg = Release|Any CPU
		{00A50246-876C-41F7-8743-B837D6408509}.Release|Any CPU.Build.0 = Release|Any CPU
		{4783AA3E-2A64-4F2F-A998-02C571C843E8}.Debug|Any CPU.ActiveCfg = Debug|Any CPU
		{4783AA3E-2A64-4F2F-A998-02C571C843E8}.Debug|Any CPU.Build.0 = Debug|Any CPU
		{4783AA3E-2A64-4F2F-A998-02C571C843E8}.Release|Any CPU.ActiveCfg = Release|Any CPU
		{4783AA3E-2A64-4F2F-A998-02C571C843E8}.Release|Any CPU.Build.0 = Release|Any CPU
		{32C36C21-834C-4158-9660-EE0A997D1506}.Debug|Any CPU.ActiveCfg = Debug|Any CPU
		{32C36C21-834C-4158-9660-EE0A997D1506}.Debug|Any CPU.Build.0 = Debug|Any CPU
		{32C36C21-834C-4158-9660-EE0A997D1506}.Release|Any CPU.ActiveCfg = Release|Any CPU
		{32C36C21-834C-4158-9660-EE0A997D1506}.Release|Any CPU.Build.0 = Release|Any CPU
		{8F4B350C-9D59-49A5-AB55-0D2EE2D9E217}.Debug|Any CPU.ActiveCfg = Debug|Any CPU
		{8F4B350C-9D59-49A5-AB55-0D2EE2D9E217}.Debug|Any CPU.Build.0 = Debug|Any CPU
		{8F4B350C-9D59-49A5-AB55-0D2EE2D9E217}.Release|Any CPU.ActiveCfg = Release|Any CPU
		{8F4B350C-9D59-49A5-AB55-0D2EE2D9E217}.Release|Any CPU.Build.0 = Release|Any CPU
		{530E2DAB-9720-4EB6-BAE4-9D6F226500A2}.Debug|Any CPU.ActiveCfg = Debug|Any CPU
		{530E2DAB-9720-4EB6-BAE4-9D6F226500A2}.Debug|Any CPU.Build.0 = Debug|Any CPU
		{530E2DAB-9720-4EB6-BAE4-9D6F226500A2}.Release|Any CPU.ActiveCfg = Release|Any CPU
		{530E2DAB-9720-4EB6-BAE4-9D6F226500A2}.Release|Any CPU.Build.0 = Release|Any CPU
		{E1F138D9-A07F-495F-B5C7-EB805FBD2D1E}.Debug|Any CPU.ActiveCfg = Debug|Any CPU
		{E1F138D9-A07F-495F-B5C7-EB805FBD2D1E}.Debug|Any CPU.Build.0 = Debug|Any CPU
		{E1F138D9-A07F-495F-B5C7-EB805FBD2D1E}.Release|Any CPU.ActiveCfg = Release|Any CPU
		{E1F138D9-A07F-495F-B5C7-EB805FBD2D1E}.Release|Any CPU.Build.0 = Release|Any CPU
		{0003C433-CE9F-49FA-A0AC-ADFBBB371E66}.Debug|Any CPU.ActiveCfg = Debug|Any CPU
		{0003C433-CE9F-49FA-A0AC-ADFBBB371E66}.Debug|Any CPU.Build.0 = Debug|Any CPU
		{0003C433-CE9F-49FA-A0AC-ADFBBB371E66}.Release|Any CPU.ActiveCfg = Release|Any CPU
		{0003C433-CE9F-49FA-A0AC-ADFBBB371E66}.Release|Any CPU.Build.0 = Release|Any CPU
		{9FCD7233-3356-4908-9B67-A46CD5E6A3E6}.Debug|Any CPU.ActiveCfg = Debug|Any CPU
		{9FCD7233-3356-4908-9B67-A46CD5E6A3E6}.Debug|Any CPU.Build.0 = Debug|Any CPU
		{9FCD7233-3356-4908-9B67-A46CD5E6A3E6}.Release|Any CPU.ActiveCfg = Release|Any CPU
		{9FCD7233-3356-4908-9B67-A46CD5E6A3E6}.Release|Any CPU.Build.0 = Release|Any CPU
		{658004C4-07A1-4CD5-82AE-826E7CDEF8C0}.Debug|Any CPU.ActiveCfg = Debug|Any CPU
		{658004C4-07A1-4CD5-82AE-826E7CDEF8C0}.Debug|Any CPU.Build.0 = Debug|Any CPU
		{658004C4-07A1-4CD5-82AE-826E7CDEF8C0}.Release|Any CPU.ActiveCfg = Release|Any CPU
		{658004C4-07A1-4CD5-82AE-826E7CDEF8C0}.Release|Any CPU.Build.0 = Release|Any CPU
		{E6EB3704-62FA-4A20-896D-0ADF76D789C4}.Debug|Any CPU.ActiveCfg = Debug|Any CPU
		{E6EB3704-62FA-4A20-896D-0ADF76D789C4}.Debug|Any CPU.Build.0 = Debug|Any CPU
		{E6EB3704-62FA-4A20-896D-0ADF76D789C4}.Release|Any CPU.ActiveCfg = Release|Any CPU
		{E6EB3704-62FA-4A20-896D-0ADF76D789C4}.Release|Any CPU.Build.0 = Release|Any CPU
		{3B824A4B-4F7B-4F97-BC96-BDB88EC72395}.Debug|Any CPU.ActiveCfg = Debug|Any CPU
		{3B824A4B-4F7B-4F97-BC96-BDB88EC72395}.Debug|Any CPU.Build.0 = Debug|Any CPU
		{3B824A4B-4F7B-4F97-BC96-BDB88EC72395}.Release|Any CPU.ActiveCfg = Release|Any CPU
		{3B824A4B-4F7B-4F97-BC96-BDB88EC72395}.Release|Any CPU.Build.0 = Release|Any CPU
		{A2363994-6EDF-4969-8745-00B369CBBF63}.Debug|Any CPU.ActiveCfg = Debug|Any CPU
		{A2363994-6EDF-4969-8745-00B369CBBF63}.Debug|Any CPU.Build.0 = Debug|Any CPU
		{A2363994-6EDF-4969-8745-00B369CBBF63}.Release|Any CPU.ActiveCfg = Release|Any CPU
		{A2363994-6EDF-4969-8745-00B369CBBF63}.Release|Any CPU.Build.0 = Release|Any CPU
		{AE2B1795-BAB6-4382-B123-E93137E91D88}.Debug|Any CPU.ActiveCfg = Debug|Any CPU
		{AE2B1795-BAB6-4382-B123-E93137E91D88}.Debug|Any CPU.Build.0 = Debug|Any CPU
		{AE2B1795-BAB6-4382-B123-E93137E91D88}.Release|Any CPU.ActiveCfg = Release|Any CPU
		{AE2B1795-BAB6-4382-B123-E93137E91D88}.Release|Any CPU.Build.0 = Release|Any CPU
		{5D1FCC0D-8564-4A77-975C-662E6864CDE8}.Debug|Any CPU.ActiveCfg = Debug|Any CPU
		{5D1FCC0D-8564-4A77-975C-662E6864CDE8}.Debug|Any CPU.Build.0 = Debug|Any CPU
		{5D1FCC0D-8564-4A77-975C-662E6864CDE8}.Release|Any CPU.ActiveCfg = Release|Any CPU
		{5D1FCC0D-8564-4A77-975C-662E6864CDE8}.Release|Any CPU.Build.0 = Release|Any CPU
		{7202EAF1-0F05-42F6-BF4E-18EC0A3B15E5}.Debug|Any CPU.ActiveCfg = Debug|Any CPU
		{7202EAF1-0F05-42F6-BF4E-18EC0A3B15E5}.Debug|Any CPU.Build.0 = Debug|Any CPU
		{7202EAF1-0F05-42F6-BF4E-18EC0A3B15E5}.Release|Any CPU.ActiveCfg = Release|Any CPU
		{7202EAF1-0F05-42F6-BF4E-18EC0A3B15E5}.Release|Any CPU.Build.0 = Release|Any CPU
		{E7378112-F378-4C85-BBBD-BE2A84BCBE92}.Debug|Any CPU.ActiveCfg = Debug|Any CPU
		{E7378112-F378-4C85-BBBD-BE2A84BCBE92}.Debug|Any CPU.Build.0 = Debug|Any CPU
		{E7378112-F378-4C85-BBBD-BE2A84BCBE92}.Release|Any CPU.ActiveCfg = Release|Any CPU
		{E7378112-F378-4C85-BBBD-BE2A84BCBE92}.Release|Any CPU.Build.0 = Release|Any CPU
		{4BB7CB87-8AE1-4FCD-A344-1AF96FB422BC}.Debug|Any CPU.ActiveCfg = Debug|Any CPU
		{4BB7CB87-8AE1-4FCD-A344-1AF96FB422BC}.Debug|Any CPU.Build.0 = Debug|Any CPU
		{4BB7CB87-8AE1-4FCD-A344-1AF96FB422BC}.Release|Any CPU.ActiveCfg = Release|Any CPU
		{4BB7CB87-8AE1-4FCD-A344-1AF96FB422BC}.Release|Any CPU.Build.0 = Release|Any CPU
		{C6353E90-6794-4DD2-8971-28C6ADEAF054}.Debug|Any CPU.ActiveCfg = Debug|Any CPU
		{C6353E90-6794-4DD2-8971-28C6ADEAF054}.Debug|Any CPU.Build.0 = Debug|Any CPU
		{C6353E90-6794-4DD2-8971-28C6ADEAF054}.Release|Any CPU.ActiveCfg = Release|Any CPU
		{C6353E90-6794-4DD2-8971-28C6ADEAF054}.Release|Any CPU.Build.0 = Release|Any CPU
		{6488FD4F-0963-4D22-BC0D-84019379A7E6}.Debug|Any CPU.ActiveCfg = Debug|Any CPU
		{6488FD4F-0963-4D22-BC0D-84019379A7E6}.Debug|Any CPU.Build.0 = Debug|Any CPU
		{6488FD4F-0963-4D22-BC0D-84019379A7E6}.Release|Any CPU.ActiveCfg = Release|Any CPU
		{6488FD4F-0963-4D22-BC0D-84019379A7E6}.Release|Any CPU.Build.0 = Release|Any CPU
		{5D7C6442-6199-4F74-8F07-CC0665D7C6FC}.Debug|Any CPU.ActiveCfg = Debug|Any CPU
		{5D7C6442-6199-4F74-8F07-CC0665D7C6FC}.Debug|Any CPU.Build.0 = Debug|Any CPU
		{5D7C6442-6199-4F74-8F07-CC0665D7C6FC}.Release|Any CPU.ActiveCfg = Release|Any CPU
		{5D7C6442-6199-4F74-8F07-CC0665D7C6FC}.Release|Any CPU.Build.0 = Release|Any CPU
		{210CE9E3-16B6-4F2C-8E57-56B38C66F246}.Debug|Any CPU.ActiveCfg = Debug|Any CPU
		{210CE9E3-16B6-4F2C-8E57-56B38C66F246}.Debug|Any CPU.Build.0 = Debug|Any CPU
		{210CE9E3-16B6-4F2C-8E57-56B38C66F246}.Release|Any CPU.ActiveCfg = Release|Any CPU
		{210CE9E3-16B6-4F2C-8E57-56B38C66F246}.Release|Any CPU.Build.0 = Release|Any CPU
		{310CAACC-C7C7-4F8C-B41A-47D65CB2F6CE}.Debug|Any CPU.ActiveCfg = Debug|Any CPU
		{310CAACC-C7C7-4F8C-B41A-47D65CB2F6CE}.Debug|Any CPU.Build.0 = Debug|Any CPU
		{310CAACC-C7C7-4F8C-B41A-47D65CB2F6CE}.Release|Any CPU.ActiveCfg = Release|Any CPU
		{310CAACC-C7C7-4F8C-B41A-47D65CB2F6CE}.Release|Any CPU.Build.0 = Release|Any CPU
		{0692BDFA-1AE8-4C51-8B28-726E54213CA0}.Debug|Any CPU.ActiveCfg = Debug|Any CPU
		{0692BDFA-1AE8-4C51-8B28-726E54213CA0}.Debug|Any CPU.Build.0 = Debug|Any CPU
		{0692BDFA-1AE8-4C51-8B28-726E54213CA0}.Release|Any CPU.ActiveCfg = Release|Any CPU
		{0692BDFA-1AE8-4C51-8B28-726E54213CA0}.Release|Any CPU.Build.0 = Release|Any CPU
		{ACB45E50-2906-4A21-9FEA-51E9B308B6A8}.Debug|Any CPU.ActiveCfg = Debug|Any CPU
		{ACB45E50-2906-4A21-9FEA-51E9B308B6A8}.Debug|Any CPU.Build.0 = Debug|Any CPU
		{ACB45E50-2906-4A21-9FEA-51E9B308B6A8}.Release|Any CPU.ActiveCfg = Release|Any CPU
		{ACB45E50-2906-4A21-9FEA-51E9B308B6A8}.Release|Any CPU.Build.0 = Release|Any CPU
		{2EF3590E-708C-4524-8D33-0FE80C25D9D8}.Debug|Any CPU.ActiveCfg = Debug|Any CPU
		{2EF3590E-708C-4524-8D33-0FE80C25D9D8}.Debug|Any CPU.Build.0 = Debug|Any CPU
		{2EF3590E-708C-4524-8D33-0FE80C25D9D8}.Release|Any CPU.ActiveCfg = Release|Any CPU
		{2EF3590E-708C-4524-8D33-0FE80C25D9D8}.Release|Any CPU.Build.0 = Release|Any CPU
		{B553228F-78E4-43B7-85FF-D9A12B63B0F4}.Debug|Any CPU.ActiveCfg = Debug|Any CPU
		{B553228F-78E4-43B7-85FF-D9A12B63B0F4}.Debug|Any CPU.Build.0 = Debug|Any CPU
		{B553228F-78E4-43B7-85FF-D9A12B63B0F4}.Release|Any CPU.ActiveCfg = Release|Any CPU
		{B553228F-78E4-43B7-85FF-D9A12B63B0F4}.Release|Any CPU.Build.0 = Release|Any CPU
		{66596AED-653F-47EA-9761-093E71993AEB}.Debug|Any CPU.ActiveCfg = Debug|Any CPU
		{66596AED-653F-47EA-9761-093E71993AEB}.Debug|Any CPU.Build.0 = Debug|Any CPU
		{66596AED-653F-47EA-9761-093E71993AEB}.Release|Any CPU.ActiveCfg = Release|Any CPU
		{66596AED-653F-47EA-9761-093E71993AEB}.Release|Any CPU.Build.0 = Release|Any CPU
	EndGlobalSection
	GlobalSection(SolutionProperties) = preSolution
		HideSolutionNode = FALSE
	EndGlobalSection
	GlobalSection(NestedProjects) = preSolution
		{E8BF8346-F287-4553-87DA-E8CE363CFD52} = {953AB769-AF70-4AE6-8AB9-831389C17583}
		{D3281755-DFA6-48A0-A5CA-9C81F83013EC} = {953AB769-AF70-4AE6-8AB9-831389C17583}
		{02D39AAC-D29E-40BF-B56D-B5D8D438B829} = {6D3611BF-ABE0-4A7D-8341-F4C89C5A173D}
		{F506D819-D2CB-4493-9CF3-2BCFB6361F46} = {6D3611BF-ABE0-4A7D-8341-F4C89C5A173D}
		{0B1CFE5C-F13D-46D8-A5C0-FC0AB6813EEF} = {6D3611BF-ABE0-4A7D-8341-F4C89C5A173D}
		{00A50246-876C-41F7-8743-B837D6408509} = {6D3611BF-ABE0-4A7D-8341-F4C89C5A173D}
		{4783AA3E-2A64-4F2F-A998-02C571C843E8} = {6D3611BF-ABE0-4A7D-8341-F4C89C5A173D}
		{32C36C21-834C-4158-9660-EE0A997D1506} = {6D3611BF-ABE0-4A7D-8341-F4C89C5A173D}
		{8F4B350C-9D59-49A5-AB55-0D2EE2D9E217} = {6D3611BF-ABE0-4A7D-8341-F4C89C5A173D}
		{530E2DAB-9720-4EB6-BAE4-9D6F226500A2} = {9DE265CA-9390-427F-BEED-5ED0DB2D4B7D}
		{E1F138D9-A07F-495F-B5C7-EB805FBD2D1E} = {75EBF5A6-27FE-479F-855C-44402228409E}
		{0003C433-CE9F-49FA-A0AC-ADFBBB371E66} = {953AB769-AF70-4AE6-8AB9-831389C17583}
		{9FCD7233-3356-4908-9B67-A46CD5E6A3E6} = {953AB769-AF70-4AE6-8AB9-831389C17583}
		{658004C4-07A1-4CD5-82AE-826E7CDEF8C0} = {ED17150C-697E-4A1F-9F0C-199BDCBD406A}
		{E6EB3704-62FA-4A20-896D-0ADF76D789C4} = {ED17150C-697E-4A1F-9F0C-199BDCBD406A}
		{3B824A4B-4F7B-4F97-BC96-BDB88EC72395} = {ED17150C-697E-4A1F-9F0C-199BDCBD406A}
		{A2363994-6EDF-4969-8745-00B369CBBF63} = {ED17150C-697E-4A1F-9F0C-199BDCBD406A}
		{AE2B1795-BAB6-4382-B123-E93137E91D88} = {ED17150C-697E-4A1F-9F0C-199BDCBD406A}
		{5D1FCC0D-8564-4A77-975C-662E6864CDE8} = {6D3611BF-ABE0-4A7D-8341-F4C89C5A173D}
		{7202EAF1-0F05-42F6-BF4E-18EC0A3B15E5} = {9DE265CA-9390-427F-BEED-5ED0DB2D4B7D}
		{E7378112-F378-4C85-BBBD-BE2A84BCBE92} = {9DE265CA-9390-427F-BEED-5ED0DB2D4B7D}
		{4BB7CB87-8AE1-4FCD-A344-1AF96FB422BC} = {B2E1EC9D-6202-4B49-957A-47CC38F6CB86}
		{C6353E90-6794-4DD2-8971-28C6ADEAF054} = {B2E1EC9D-6202-4B49-957A-47CC38F6CB86}
		{6488FD4F-0963-4D22-BC0D-84019379A7E6} = {953AB769-AF70-4AE6-8AB9-831389C17583}
		{5D7C6442-6199-4F74-8F07-CC0665D7C6FC} = {75EBF5A6-27FE-479F-855C-44402228409E}
		{210CE9E3-16B6-4F2C-8E57-56B38C66F246} = {EA3F4912-45CB-4E87-8CBD-B9040F16F5FD}
		{310CAACC-C7C7-4F8C-B41A-47D65CB2F6CE} = {EA3F4912-45CB-4E87-8CBD-B9040F16F5FD}
		{0692BDFA-1AE8-4C51-8B28-726E54213CA0} = {EA3F4912-45CB-4E87-8CBD-B9040F16F5FD}
		{ACB45E50-2906-4A21-9FEA-51E9B308B6A8} = {EA3F4912-45CB-4E87-8CBD-B9040F16F5FD}
		{2EF3590E-708C-4524-8D33-0FE80C25D9D8} = {4292B887-7C10-4058-8D2E-0A85BC73C9FB}
		{B553228F-78E4-43B7-85FF-D9A12B63B0F4} = {4292B887-7C10-4058-8D2E-0A85BC73C9FB}
		{66596AED-653F-47EA-9761-093E71993AEB} = {B2E1EC9D-6202-4B49-957A-47CC38F6CB86}
	EndGlobalSection
	GlobalSection(ExtensibilityGlobals) = postSolution
		SolutionGuid = {80EC482B-AB51-427E-9E73-C233684C7617}
	EndGlobalSection
EndGlobal
