
Microsoft Visual Studio Solution File, Format Version 12.00
# Visual Studio Version 16
VisualStudioVersion = 16.0.31402.337
MinimumVisualStudioVersion = 10.0.40219.1
Project("{FAE04EC0-301F-11D3-BF4B-00C04F79EFBC}") = "AA27", "AA27\AA27.csproj", "{D228E8CE-EDBC-43B9-AE60-3C1FE7405894}"
EndProject
Global
	GlobalSection(SolutionConfigurationPlatforms) = preSolution
		Debug|Any CPU = Debug|Any CPU
		Release|Any CPU = Release|Any CPU
	EndGlobalSection
	GlobalSection(ProjectConfigurationPlatforms) = postSolution
		{D228E8CE-EDBC-43B9-AE60-3C1FE7405894}.Debug|Any CPU.ActiveCfg = Debug|Any CPU
		{D228E8CE-EDBC-43B9-AE60-3C1FE7405894}.Debug|Any CPU.Build.0 = Debug|Any CPU
		{D228E8CE-EDBC-43B9-AE60-3C1FE7405894}.Release|Any CPU.ActiveCfg = Release|Any CPU
		{D228E8CE-EDBC-43B9-AE60-3C1FE7405894}.Release|Any CPU.Build.0 = Release|Any CPU
	EndGlobalSection
	GlobalSection(SolutionProperties) = preSolution
		HideSolutionNode = FALSE
	EndGlobalSection
	GlobalSection(ExtensibilityGlobals) = postSolution
		SolutionGuid = {64B72F52-1CEE-416E-B799-E12E1AAB782F}
	EndGlobalSection
EndGlobal
